lockfileVersion: '9.0'

settings:
  autoInstallPeers: true
  excludeLinksFromLockfile: false

importers:

  .:
    devDependencies:
      '@types/node':
        specifier: ^25.3.2
        version: 25.3.2
      typescript:
        specifier: ^5.9.3
        version: 5.9.3

  packages/claude-code-plugin: {}

  packages/cli-analyzer:
    dependencies:
      '@vibecoding/core':
        specifier: workspace:*
        version: link:../core

  packages/core: {}

  packages/vscode-extension:
    devDependencies:
      '@types/vscode':
        specifier: ^1.85.0
        version: 1.109.0

packages:

  '@types/node@25.3.2':
    resolution: {integrity: sha512-RpV6r/ij22zRRdyBPcxDeKAzH43phWVKEjL2iksqo1Vz3CuBUrgmPpPhALKiRfU7OMCmeeO9vECBMsV0hMTG8Q==}

  '@types/vscode@1.109.0':
    resolution: {integrity: sha512-0Pf95rnwEIwDbmXGC08r0B4TQhAbsHQ5UyTIgVgoieDe4cOnf92usuR5dEczb6bTKEp7ziZH4TV1TRGPPCExtw==}

  typescript@5.9.3:
    resolution: {integrity: sha512-jl1vZzPDinLr9eUt3J/t7V6FgNEw9QjvBPdysz9KfQDD41fQrC2Y4vKQdiaUpFT4bXlb1RHhLpp8wtm6M5TgSw==}
    engines: {node: '>=14.17'}
    hasBin: true

  undici-types@7.18.2:
    resolution: {integrity: sha512-AsuCzffGHJybSaRrmr5eHr81mwJU3kjw6M+uprWvCXiNeN9SOGwQ3Jn8jb8m3Z6izVgknn1R0FTCEAP2QrLY/w==}

snapshots:

  '@types/node@25.3.2':
    dependencies:
      undici-types: 7.18.2

  '@types/vscode@1.109.0': {}

  typescript@5.9.3: {}

  undici-types@7.18.2: {}
